{
  "name": "blazoressentials.indexeddb",
  "version": "1.0.0",
  "lockfileVersion": 3,
  "requires": true,
  "packages": {
    "": {
      "name": "blazoressentials.indexeddb",
      "version": "1.0.0",
      "license": "ISC",
      "dependencies": {
        "idb": "8.0.3"
      },
      "devDependencies": {
        "@microsoft/dotnet-js-interop": "10.0.0"
      }
    },
    "node_modules/@microsoft/dotnet-js-interop": {
      "version": "10.0.0",
      "resolved": "https://registry.npmjs.org/@microsoft/dotnet-js-interop/-/dotnet-js-interop-10.0.0.tgz",
      "integrity": "sha512-cYmqSePCKSs6srwGWz6lOq/UIogKgFw0ZOq0MtQzxRI1G/YiBOhlvM4Nj8DuGBp/1guSlFApIVv85SkXJTMOIQ==",
      "dev": true,
      "license": "MIT"
    },
    "node_modules/idb": {
      "version": "8.0.3",
      "resolved": "https://registry.npmjs.org/idb/-/idb-8.0.3.tgz",
      "integrity": "sha512-LtwtVyVYO5BqRvcsKuB2iUMnHwPVByPCXFXOpuU96IZPPoPN6xjOGxZQ74pgSVVLQWtUOYgyeL4GE98BY5D3wg==",
      "license": "ISC"
    }
  }
}
