{
  "name": "blazoressentials.indexeddb",
  "version": "1.0.0",
  "lockfileVersion": 3,
  "requires": true,
  "packages": {
    "": {
      "name": "blazoressentials.indexeddb",
      "version": "1.0.0",
      "license": "ISC",
      "dependencies": {
        "idb": "8.0.0"
      },
      "devDependencies": {
        "@microsoft/dotnet-js-interop": "8.0.0"
      }
    },
    "node_modules/@microsoft/dotnet-js-interop": {
      "version": "8.0.0",
      "resolved": "https://registry.npmjs.org/@microsoft/dotnet-js-interop/-/dotnet-js-interop-8.0.0.tgz",
      "integrity": "sha512-REgH1LzhP68m3i8B80KLyKLRIOhLbWjwGl60HyVQEqN2eDeFUlgRfjifMa+Udl/NpIIafjqslMAouV8BUzHm8Q==",
      "dev": true
    },
    "node_modules/idb": {
      "version": "8.0.0",
      "resolved": "https://registry.npmjs.org/idb/-/idb-8.0.0.tgz",
      "integrity": "sha512-l//qvlAKGmQO31Qn7xdzagVPPaHTxXx199MhrAFuVBTPqydcPYBWjkrbv4Y0ktB+GmWOiwHl237UUOrLmQxLvw=="
    }
  }
}
