
Microsoft Visual Studio Solution File, Format Version 12.00
# Visual Studio Version 16
VisualStudioVersion = 16.0.29521.150
MinimumVisualStudioVersion = 10.0.40219.1
Project("{9A19103F-16F7-4668-BE54-9A1E7A4F7556}") = "CloudNimble.BlazorEssentials", "CloudNimble.BlazorEssentials\CloudNimble.BlazorEssentials.csproj", "{66088AA6-B13B-4C56-86DF-62F51DFF2A7A}"
EndProject
Project("{9A19103F-16F7-4668-BE54-9A1E7A4F7556}") = "CloudNimble.BlazorEssentials.TestApp", "CloudNimble.BlazorEssentials.TestApp\CloudNimble.BlazorEssentials.TestApp.csproj", "{DA58D778-981D-47DC-A7EA-40381872FBBB}"
EndProject
Project("{2150E333-8FDC-42A3-9474-1A3956D46DE8}") = "Core", "Core", "{ECD7C347-6470-4446-B1E4-AAE7427CEF9D}"
EndProject
Project("{2150E333-8FDC-42A3-9474-1A3956D46DE8}") = "Samples", "Samples", "{78E94341-4FB9-4A15-A5D4-37E3CB09111C}"
EndProject
Project("{2150E333-8FDC-42A3-9474-1A3956D46DE8}") = "Tests", "Tests", "{CC249F92-C601-4E38-B97F-11A147AB591A}"
EndProject
Project("{9A19103F-16F7-4668-BE54-9A1E7A4F7556}") = "CloudNimble.BlazorEssentials.Tests", "CloudNimble.BlazorEssentials.Tests\CloudNimble.BlazorEssentials.Tests.csproj", "{FF48F403-06A4-48EF-8895-BE9C0525A734}"
EndProject
Project("{2150E333-8FDC-42A3-9474-1A3956D46DE8}") = "Solution Items", "Solution Items", "{6524F3C1-36E5-4F66-9658-0D5D764889F8}"
	ProjectSection(SolutionItems) = preProject
		.editorconfig = .editorconfig
		Directory.Build.props = Directory.Build.props
		global.json = global.json
	EndProjectSection
EndProject
Project("{9A19103F-16F7-4668-BE54-9A1E7A4F7556}") = "CloudNimble.BlazorEssentials.Breakdance", "CloudNimble.BlazorEssentials.Breakdance\CloudNimble.BlazorEssentials.Breakdance.csproj", "{0196C208-A33E-4DE8-8A82-38E4B1833D84}"
EndProject
Project("{9A19103F-16F7-4668-BE54-9A1E7A4F7556}") = "CloudNimble.BlazorEssentials.Tests.Breakdance", "CloudNimble.BlazorEssentials.Tests.Breakdance\CloudNimble.BlazorEssentials.Tests.Breakdance.csproj", "{E3447C35-3C7F-41F5-9974-090928DA47D6}"
EndProject
Project("{FAE04EC0-301F-11D3-BF4B-00C04F79EFBC}") = "CloudNimble.BlazorEssentials.Tests.TestApp", "ClousNimble.BlazorEssentials.Tests.TestApp\CloudNimble.BlazorEssentials.Tests.TestApp.csproj", "{1A44B77F-440A-4583-8389-11C7361A5A28}"
EndProject
Global
	GlobalSection(SolutionConfigurationPlatforms) = preSolution
		Debug|Any CPU = Debug|Any CPU
		Release|Any CPU = Release|Any CPU
	EndGlobalSection
	GlobalSection(ProjectConfigurationPlatforms) = postSolution
		{66088AA6-B13B-4C56-86DF-62F51DFF2A7A}.Debug|Any CPU.ActiveCfg = Debug|Any CPU
		{66088AA6-B13B-4C56-86DF-62F51DFF2A7A}.Debug|Any CPU.Build.0 = Debug|Any CPU
		{66088AA6-B13B-4C56-86DF-62F51DFF2A7A}.Release|Any CPU.ActiveCfg = Release|Any CPU
		{66088AA6-B13B-4C56-86DF-62F51DFF2A7A}.Release|Any CPU.Build.0 = Release|Any CPU
		{DA58D778-981D-47DC-A7EA-40381872FBBB}.Debug|Any CPU.ActiveCfg = Debug|Any CPU
		{DA58D778-981D-47DC-A7EA-40381872FBBB}.Debug|Any CPU.Build.0 = Debug|Any CPU
		{DA58D778-981D-47DC-A7EA-40381872FBBB}.Release|Any CPU.ActiveCfg = Release|Any CPU
		{DA58D778-981D-47DC-A7EA-40381872FBBB}.Release|Any CPU.Build.0 = Release|Any CPU
		{FF48F403-06A4-48EF-8895-BE9C0525A734}.Debug|Any CPU.ActiveCfg = Debug|Any CPU
		{FF48F403-06A4-48EF-8895-BE9C0525A734}.Debug|Any CPU.Build.0 = Debug|Any CPU
		{FF48F403-06A4-48EF-8895-BE9C0525A734}.Release|Any CPU.ActiveCfg = Release|Any CPU
		{FF48F403-06A4-48EF-8895-BE9C0525A734}.Release|Any CPU.Build.0 = Release|Any CPU
		{0196C208-A33E-4DE8-8A82-38E4B1833D84}.Debug|Any CPU.ActiveCfg = Debug|Any CPU
		{0196C208-A33E-4DE8-8A82-38E4B1833D84}.Debug|Any CPU.Build.0 = Debug|Any CPU
		{0196C208-A33E-4DE8-8A82-38E4B1833D84}.Release|Any CPU.ActiveCfg = Release|Any CPU
		{0196C208-A33E-4DE8-8A82-38E4B1833D84}.Release|Any CPU.Build.0 = Release|Any CPU
		{E3447C35-3C7F-41F5-9974-090928DA47D6}.Debug|Any CPU.ActiveCfg = Debug|Any CPU
		{E3447C35-3C7F-41F5-9974-090928DA47D6}.Debug|Any CPU.Build.0 = Debug|Any CPU
		{E3447C35-3C7F-41F5-9974-090928DA47D6}.Release|Any CPU.ActiveCfg = Release|Any CPU
		{E3447C35-3C7F-41F5-9974-090928DA47D6}.Release|Any CPU.Build.0 = Release|Any CPU
		{1A44B77F-440A-4583-8389-11C7361A5A28}.Debug|Any CPU.ActiveCfg = Debug|Any CPU
		{1A44B77F-440A-4583-8389-11C7361A5A28}.Debug|Any CPU.Build.0 = Debug|Any CPU
		{1A44B77F-440A-4583-8389-11C7361A5A28}.Release|Any CPU.ActiveCfg = Release|Any CPU
		{1A44B77F-440A-4583-8389-11C7361A5A28}.Release|Any CPU.Build.0 = Release|Any CPU
	EndGlobalSection
	GlobalSection(SolutionProperties) = preSolution
		HideSolutionNode = FALSE
	EndGlobalSection
	GlobalSection(NestedProjects) = preSolution
		{66088AA6-B13B-4C56-86DF-62F51DFF2A7A} = {ECD7C347-6470-4446-B1E4-AAE7427CEF9D}
		{DA58D778-981D-47DC-A7EA-40381872FBBB} = {78E94341-4FB9-4A15-A5D4-37E3CB09111C}
		{FF48F403-06A4-48EF-8895-BE9C0525A734} = {CC249F92-C601-4E38-B97F-11A147AB591A}
		{0196C208-A33E-4DE8-8A82-38E4B1833D84} = {ECD7C347-6470-4446-B1E4-AAE7427CEF9D}
		{E3447C35-3C7F-41F5-9974-090928DA47D6} = {CC249F92-C601-4E38-B97F-11A147AB591A}
		{1A44B77F-440A-4583-8389-11C7361A5A28} = {78E94341-4FB9-4A15-A5D4-37E3CB09111C}
	EndGlobalSection
	GlobalSection(ExtensibilityGlobals) = postSolution
		SolutionGuid = {D047FF11-7182-40CE-BD75-11AB69B332C4}
	EndGlobalSection
EndGlobal
