
Microsoft Visual Studio Solution File, Format Version 12.00
# Visual Studio 15
VisualStudioVersion = 15.0.28016.0
MinimumVisualStudioVersion = 10.0.40219.1
Project("{FAE04EC0-301F-11D3-BF4B-00C04F79EFBC}") = "CloudNimble.BlazorEssentials", "CloudNimble.BlazorEssentials\CloudNimble.BlazorEssentials.csproj", "{66088AA6-B13B-4C56-86DF-62F51DFF2A7A}"
EndProject
Global
	GlobalSection(SolutionConfigurationPlatforms) = preSolution
		Debug|Any CPU = Debug|Any CPU
		Release|Any CPU = Release|Any CPU
	EndGlobalSection
	GlobalSection(ProjectConfigurationPlatforms) = postSolution
		{66088AA6-B13B-4C56-86DF-62F51DFF2A7A}.Debug|Any CPU.ActiveCfg = Debug|Any CPU
		{66088AA6-B13B-4C56-86DF-62F51DFF2A7A}.Debug|Any CPU.Build.0 = Debug|Any CPU
		{66088AA6-B13B-4C56-86DF-62F51DFF2A7A}.Release|Any CPU.ActiveCfg = Release|Any CPU
		{66088AA6-B13B-4C56-86DF-62F51DFF2A7A}.Release|Any CPU.Build.0 = Release|Any CPU
	EndGlobalSection
	GlobalSection(SolutionProperties) = preSolution
		HideSolutionNode = FALSE
	EndGlobalSection
	GlobalSection(ExtensibilityGlobals) = postSolution
		SolutionGuid = {D047FF11-7182-40CE-BD75-11AB69B332C4}
	EndGlobalSection
EndGlobal
